PODS:
  - Alamofire (5.4.4)
  - BSImagePicker (3.3.1)
  - Cosmos (23.0.0)
  - CreditCardForm (0.2.0)
  - CropViewController (2.6.0)
  - DropDown (2.3.13)
  - FSCalendar (2.8.2)
  - Google-Mobile-Ads-SDK (10.2.0):
    - GoogleAppMeasurement (< 11.0, >= 7.0)
    - GoogleUserMessagingPlatform (>= 1.1)
  - GoogleAppMeasurement (10.6.0):
    - GoogleAppMeasurement/AdIdSupport (= 10.6.0)
    - GoogleUtilities/AppDelegateSwizzler (~> 7.8)
    - GoogleUtilities/MethodSwizzler (~> 7.8)
    - GoogleUtilities/Network (~> 7.8)
    - "GoogleUtilities/NSData+zlib (~> 7.8)"
    - nanopb (< 2.30910.0, >= 2.30908.0)
  - GoogleAppMeasurement/AdIdSupport (10.6.0):
    - GoogleAppMeasurement/WithoutAdIdSupport (= 10.6.0)
    - GoogleUtilities/AppDelegateSwizzler (~> 7.8)
    - GoogleUtilities/MethodSwizzler (~> 7.8)
    - GoogleUtilities/Network (~> 7.8)
    - "GoogleUtilities/NSData+zlib (~> 7.8)"
    - nanopb (< 2.30910.0, >= 2.30908.0)
  - GoogleAppMeasurement/WithoutAdIdSupport (10.6.0):
    - GoogleUtilities/AppDelegateSwizzler (~> 7.8)
    - GoogleUtilities/MethodSwizzler (~> 7.8)
    - GoogleUtilities/Network (~> 7.8)
    - "GoogleUtilities/NSData+zlib (~> 7.8)"
    - nanopb (< 2.30910.0, >= 2.30908.0)
  - GoogleUserMessagingPlatform (2.0.1)
  - GoogleUtilities/AppDelegateSwizzler (7.11.0):
    - GoogleUtilities/Environment
    - GoogleUtilities/Logger
    - GoogleUtilities/Network
  - GoogleUtilities/Environment (7.11.0):
    - PromisesObjC (< 3.0, >= 1.2)
  - GoogleUtilities/Logger (7.11.0):
    - GoogleUtilities/Environment
  - GoogleUtilities/MethodSwizzler (7.11.0):
    - GoogleUtilities/Logger
  - GoogleUtilities/Network (7.11.0):
    - GoogleUtilities/Logger
    - "GoogleUtilities/NSData+zlib"
    - GoogleUtilities/Reachability
  - "GoogleUtilities/NSData+zlib (7.11.0)"
  - GoogleUtilities/Reachability (7.11.0):
    - GoogleUtilities/Logger
  - IQKeyboardManagerSwift (6.5.9)
  - LZViewPager (1.2.5):
    - SnapKit (~> 5.0.0)
  - nanopb (2.30909.0):
    - nanopb/decode (= 2.30909.0)
    - nanopb/encode (= 2.30909.0)
  - nanopb/decode (2.30909.0)
  - nanopb/encode (2.30909.0)
  - PromisesObjC (2.2.0)
  - SDWebImage (5.12.1):
    - SDWebImage/Core (= 5.12.1)
  - SDWebImage/Core (5.12.1)
  - SnapKit (5.0.1)
  - Stripe (21.11.1):
    - Stripe/Stripe3DS2 (= 21.11.1)
    - StripeCore (= 21.11.1)
    - StripeUICore (= 21.11.1)
  - Stripe/Stripe3DS2 (21.11.1):
    - StripeCore (= 21.11.1)
    - StripeUICore (= 21.11.1)
  - StripeCore (21.11.1)
  - StripeUICore (21.11.1):
    - StripeCore (= 21.11.1)

DEPENDENCIES:
  - Alamofire
  - BSImagePicker
  - Cosmos
  - CreditCardForm
  - CropViewController
  - DropDown
  - FSCalendar
  - Google-Mobile-Ads-SDK
  - IQKeyboardManagerSwift
  - LZViewPager
  - SDWebImage
  - Stripe

SPEC REPOS:
  trunk:
    - Alamofire
    - BSImagePicker
    - Cosmos
    - CreditCardForm
    - CropViewController
    - DropDown
    - FSCalendar
    - Google-Mobile-Ads-SDK
    - GoogleAppMeasurement
    - GoogleUserMessagingPlatform
    - GoogleUtilities
    - IQKeyboardManagerSwift
    - LZViewPager
    - nanopb
    - PromisesObjC
    - SDWebImage
    - SnapKit
    - Stripe
    - StripeCore
    - StripeUICore

SPEC CHECKSUMS:
  Alamofire: f3b09a368f1582ab751b3fff5460276e0d2cf5c9
  BSImagePicker: 0fe04b574d4d6b81093785d2af6c26227efc8428
  Cosmos: b5c6a9a637e28a061b54c8f8b1d8529d7d4db73f
  CreditCardForm: bba4aad545236f97f2dc45ea3bed0cb57d5e0e99
  CropViewController: 7093b39ec3cb508531b22d35773e06cecd7378d8
  DropDown: 8a2116376c1981888557f72ec2ffc9a5e0e456ec
  FSCalendar: e6a2eb9c571bf0719ed797ef807e08426753c241
  Google-Mobile-Ads-SDK: 4cf7100c99e7cfdd97dd9193cc26a13411aa6891
  GoogleAppMeasurement: 686b48c3c895f3c55c70719041913d5d150b74f6
  GoogleUserMessagingPlatform: 5f8b30daf181805317b6b985bb51c1ff3beca054
  GoogleUtilities: c2bdc4cf2ce786c4d2e6b3bcfd599a25ca78f06f
  IQKeyboardManagerSwift: 6e839c575c4aa1078d58a596e41244e77abe918f
  LZViewPager: 89ddd98246d54b52bde14c8d91702f946d6f8893
  nanopb: b552cce312b6c8484180ef47159bc0f65a1f0431
  PromisesObjC: 09985d6d70fbe7878040aa746d78236e6946d2ef
  SDWebImage: 4dc3e42d9ec0c1028b960a33ac6b637bb432207b
  SnapKit: 97b92857e3df3a0c71833cce143274bf6ef8e5eb
  Stripe: f2bed8369154c35c8ec794704e042e05240d6f21
  StripeCore: 36571be19dae15e90c8ad47e1af45712aea93f5a
  StripeUICore: 1b32566d6a69581be786609a032872b0fb5a6823

PODFILE CHECKSUM: e4e9ed8c767e8e115c8eda9fe41f924880b21204

COCOAPODS: 1.11.3
